// !$*UTF8*$!
{
	archiveVersion = 1;
	classes = {
	};
	objectVersion = 46;
	objects = {

/* Begin PBXBuildFile section */
		30AF26C01DDFDEB700331200 /* AppDelegate.swift in Sources */ = {isa = PBXBuildFile; fileRef = 30AF26BF1DDFDEB700331200 /* AppDelegate.swift */; };
		30AF26C21DDFDEB700331200 /* GameScene.sks in Resources */ = {isa = PBXBuildFile; fileRef = 30AF26C11DDFDEB700331200 /* GameScene.sks */; };
		30AF26C41DDFDEB700331200 /* Actions.sks in Resources */ = {isa = PBXBuildFile; fileRef = 30AF26C31DDFDEB700331200 /* Actions.sks */; };
		30AF26C61DDFDEB700331200 /* GameScene.swift in Sources */ = {isa = PBXBuildFile; fileRef = 30AF26C51DDFDEB700331200 /* GameScene.swift */; };
		30AF26C81DDFDEB700331200 /* GameViewController.swift in Sources */ = {isa = PBXBuildFile; fileRef = 30AF26C71DDFDEB700331200 /* GameViewController.swift */; };
		30AF26CB1DDFDEB700331200 /* Main.storyboard in Resources */ = {isa = PBXBuildFile; fileRef = 30AF26C91DDFDEB700331200 /* Main.storyboard */; };
		30AF26CD1DDFDEB700331200 /* Assets.xcassets in Resources */ = {isa = PBXBuildFile; fileRef = 30AF26CC1DDFDEB700331200 /* Assets.xcassets */; };
		30AF26D01DDFDEB700331200 /* LaunchScreen.storyboard in Resources */ = {isa = PBXBuildFile; fileRef = 30AF26CE1DDFDEB700331200 /* LaunchScreen.storyboard */; };
/* End PBXBuildFile section */

/* Begin PBXFileReference section */
		30AF26BC1DDFDEB700331200 /* Enter the Dojo.app */ = {isa = PBXFileReference; explicitFileType = wrapper.application; includeInIndex = 0; path = "Enter the Dojo.app"; sourceTree = BUILT_PRODUCTS_DIR; };
		30AF26BF1DDFDEB700331200 /* AppDelegate.swift */ = {isa = PBXFileReference; lastKnownFileType = sourcecode.swift; path = AppDelegate.swift; sourceTree = "<group>"; };
		30AF26C11DDFDEB700331200 /* GameScene.sks */ = {isa = PBXFileReference; lastKnownFileType = file.sks; path = GameScene.sks; sourceTree = "<group>"; };
		30AF26C31DDFDEB700331200 /* Actions.sks */ = {isa = PBXFileReference; lastKnownFileType = file.sks; path = Actions.sks; sourceTree = "<group>"; };
		30AF26C51DDFDEB700331200 /* GameScene.swift */ = {isa = PBXFileReference; lastKnownFileType = sourcecode.swift; path = GameScene.swift; sourceTree = "<group>"; };
		30AF26C71DDFDEB700331200 /* GameViewController.swift */ = {isa = PBXFileReference; lastKnownFileType = sourcecode.swift; path = GameViewController.swift; sourceTree = "<group>"; };
		30AF26CA1DDFDEB700331200 /* Base */ = {isa = PBXFileReference; lastKnownFileType = file.storyboard; name = Base; path = Base.lproj/Main.storyboard; sourceTree = "<group>"; };
		30AF26CC1DDFDEB700331200 /* Assets.xcassets */ = {isa = PBXFileReference; lastKnownFileType = folder.assetcatalog; path = Assets.xcassets; sourceTree = "<group>"; };
		30AF26CF1DDFDEB700331200 /* Base */ = {isa = PBXFileReference; lastKnownFileType = file.storyboard; name = Base; path = Base.lproj/LaunchScreen.storyboard; sourceTree = "<group>"; };
		30AF26D11DDFDEB700331200 /* Info.plist */ = {isa = PBXFileReference; lastKnownFileType = text.plist.xml; path = Info.plist; sourceTree = "<group>"; };
/* End PBXFileReference section */

/* Begin PBXFrameworksBuildPhase section */
		30AF26B91DDFDEB700331200 /* Frameworks */ = {
			isa = PBXFrameworksBuildPhase;
			buildActionMask = 2147483647;
			files = (
			);
			runOnlyForDeploymentPostprocessing = 0;
		};
/* End PBXFrameworksBuildPhase section */

/* Begin PBXGroup section */
		30AF26B31DDFDEB700331200 = {
			isa = PBXGroup;
			children = (
				30AF26BE1DDFDEB700331200 /* Enter the Dojo */,
				30AF26BD1DDFDEB700331200 /* Products */,
			);
			sourceTree = "<group>";
		};
		30AF26BD1DDFDEB700331200 /* Products */ = {
			isa = PBXGroup;
			children = (
				30AF26BC1DDFDEB700331200 /* Enter the Dojo.app */,
			);
			name = Products;
			sourceTree = "<group>";
		};
		30AF26BE1DDFDEB700331200 /* Enter the Dojo */ = {
			isa = PBXGroup;
			children = (
				30AF26BF1DDFDEB700331200 /* AppDelegate.swift */,
				30AF26C11DDFDEB700331200 /* GameScene.sks */,
				30AF26C31DDFDEB700331200 /* Actions.sks */,
				30AF26C51DDFDEB700331200 /* GameScene.swift */,
				30AF26C71DDFDEB700331200 /* GameViewController.swift */,
				30AF26C91DDFDEB700331200 /* Main.storyboard */,
				30AF26CC1DDFDEB700331200 /* Assets.xcassets */,
				30AF26CE1DDFDEB700331200 /* LaunchScreen.storyboard */,
				30AF26D11DDFDEB700331200 /* Info.plist */,
			);
			path = "Enter the Dojo";
			sourceTree = "<group>";
		};
/* End PBXGroup section */

/* Begin PBXNativeTarget section */
		30AF26BB1DDFDEB700331200 /* Enter the Dojo */ = {
			isa = PBXNativeTarget;
			buildConfigurationList = 30AF26D41DDFDEB700331200 /* Build configuration list for PBXNativeTarget "Enter the Dojo" */;
			buildPhases = (
				30AF26B81DDFDEB700331200 /* Sources */,
				30AF26B91DDFDEB700331200 /* Frameworks */,
				30AF26BA1DDFDEB700331200 /* Resources */,
			);
			buildRules = (
			);
			dependencies = (
			);
			name = "Enter the Dojo";
			productName = "Enter the Dojo";
			productReference = 30AF26BC1DDFDEB700331200 /* Enter the Dojo.app */;
			productType = "com.apple.product-type.application";
		};
/* End PBXNativeTarget section */

/* Begin PBXProject section */
		30AF26B41DDFDEB700331200 /* Project object */ = {
			isa = PBXProject;
			attributes = {
				LastSwiftUpdateCheck = 0810;
				LastUpgradeCheck = 0810;
				ORGANIZATIONNAME = RLabs;
				TargetAttributes = {
					30AF26BB1DDFDEB700331200 = {
						CreatedOnToolsVersion = 8.1;
						DevelopmentTeam = G5GFY7GBWB;
						ProvisioningStyle = Automatic;
					};
				};
			};
			buildConfigurationList = 30AF26B71DDFDEB700331200 /* Build configuration list for PBXProject "Enter the Dojo" */;
			compatibilityVersion = "Xcode 3.2";
			developmentRegion = English;
			hasScannedForEncodings = 0;
			knownRegions = (
				en,
				Base,
			);
			mainGroup = 30AF26B31DDFDEB700331200;
			productRefGroup = 30AF26BD1DDFDEB700331200 /* Products */;
			projectDirPath = "";
			projectRoot = "";
			targets = (
				30AF26BB1DDFDEB700331200 /* Enter the Dojo */,
			);
		};
/* End PBXProject section */

/* Begin PBXResourcesBuildPhase section */
		30AF26BA1DDFDEB700331200 /* Resources */ = {
			isa = PBXResourcesBuildPhase;
			buildActionMask = 2147483647;
			files = (
				30AF26CB1DDFDEB700331200 /* Main.storyboard in Resources */,
				30AF26C21DDFDEB700331200 /* GameScene.sks in Resources */,
				30AF26CD1DDFDEB700331200 /* Assets.xcassets in Resources */,
				30AF26D01DDFDEB700331200 /* LaunchScreen.storyboard in Resources */,
				30AF26C41DDFDEB700331200 /* Actions.sks in Resources */,
			);
			runOnlyForDeploymentPostprocessing = 0;
		};
/* End PBXResourcesBuildPhase section */

/* Begin PBXSourcesBuildPhase section */
		30AF26B81DDFDEB700331200 /* Sources */ = {
			isa = PBXSourcesBuildPhase;
			buildActionMask = 2147483647;
			files = (
				30AF26C61DDFDEB700331200 /* GameScene.swift in Sources */,
				30AF26C81DDFDEB700331200 /* GameViewController.swift in Sources */,
				30AF26C01DDFDEB700331200 /* AppDelegate.swift in Sources */,
			);
			runOnlyForDeploymentPostprocessing = 0;
		};
/* End PBXSourcesBuildPhase section */

/* Begin PBXVariantGroup section */
		30AF26C91DDFDEB700331200 /* Main.storyboard */ = {
			isa = PBXVariantGroup;
			children = (
				30AF26CA1DDFDEB700331200 /* Base */,
			);
			name = Main.storyboard;
			sourceTree = "<group>";
		};
		30AF26CE1DDFDEB700331200 /* LaunchScreen.storyboard */ = {
			isa = PBXVariantGroup;
			children = (
				30AF26CF1DDFDEB700331200 /* Base */,
			);
			name = LaunchScreen.storyboard;
			sourceTree = "<group>";
		};
/* End PBXVariantGroup section */

/* Begin XCBuildConfiguration section */
		30AF26D21DDFDEB700331200 /* Debug */ = {
			isa = XCBuildConfiguration;
			buildSettings = {
				ALWAYS_SEARCH_USER_PATHS = NO;
				CLANG_ANALYZER_NONNULL = YES;
				CLANG_CXX_LANGUAGE_STANDARD = "gnu++0x";
				CLANG_CXX_LIBRARY = "libc++";
				CLANG_ENABLE_MODULES = YES;
				CLANG_ENABLE_OBJC_ARC = YES;
				CLANG_WARN_BOOL_CONVERSION = YES;
				CLANG_WARN_CONSTANT_CONVERSION = YES;
				CLANG_WARN_DIRECT_OBJC_ISA_USAGE = YES_ERROR;
				CLANG_WARN_DOCUMENTATION_COMMENTS = YES;
				CLANG_WARN_EMPTY_BODY = YES;
				CLANG_WARN_ENUM_CONVERSION = YES;
				CLANG_WARN_INFINITE_RECURSION = YES;
				CLANG_WARN_INT_CONVERSION = YES;
				CLANG_WARN_OBJC_ROOT_CLASS = YES_ERROR;
				CLANG_WARN_SUSPICIOUS_MOVES = YES;
				CLANG_WARN_UNREACHABLE_CODE = YES;
				CLANG_WARN__DUPLICATE_METHOD_MATCH = YES;
				"CODE_SIGN_IDENTITY[sdk=iphoneos*]" = "iPhone Developer";
				COPY_PHASE_STRIP = NO;
				DEBUG_INFORMATION_FORMAT = dwarf;
				ENABLE_STRICT_OBJC_MSGSEND = YES;
				ENABLE_TESTABILITY = YES;
				GCC_C_LANGUAGE_STANDARD = gnu99;
				GCC_DYNAMIC_NO_PIC = NO;
				GCC_NO_COMMON_BLOCKS = YES;
				GCC_OPTIMIZATION_LEVEL = 0;
				GCC_PREPROCESSOR_DEFINITIONS = (
					"DEBUG=1",
					"$(inherited)",
				);
				GCC_WARN_64_TO_32_BIT_CONVERSION = YES;
				GCC_WARN_ABOUT_RETURN_TYPE = YES_ERROR;
				GCC_WARN_UNDECLARED_SELECTOR = YES;
				GCC_WARN_UNINITIALIZED_AUTOS = YES_AGGRESSIVE;
				GCC_WARN_UNUSED_FUNCTION = YES;
				GCC_WARN_UNUSED_VARIABLE = YES;
				IPHONEOS_DEPLOYMENT_TARGET = 10.1;
				MTL_ENABLE_DEBUG_INFO = YES;
				ONLY_ACTIVE_ARCH = YES;
				SDKROOT = iphoneos;
				SWIFT_ACTIVE_COMPILATION_CONDITIONS = DEBUG;
				SWIFT_OPTIMIZATION_LEVEL = "-Onone";
			};
			name = Debug;
		};
		30AF26D31DDFDEB700331200 /* Release */ = {
			isa = XCBuildConfiguration;
			buildSettings = {
				ALWAYS_SEARCH_USER_PATHS = NO;
				CLANG_ANALYZER_NONNULL = YES;
				CLANG_CXX_LANGUAGE_STANDARD = "gnu++0x";
				CLANG_CXX_LIBRARY = "libc++";
				CLANG_ENABLE_MODULES = YES;
				CLANG_ENABLE_OBJC_ARC = YES;
				CLANG_WARN_BOOL_CONVERSION = YES;
				CLANG_WARN_CONSTANT_CONVERSION = YES;
				CLANG_WARN_DIRECT_OBJC_ISA_USAGE = YES_ERROR;
				CLANG_WARN_DOCUMENTATION_COMMENTS = YES;
				CLANG_WARN_EMPTY_BODY = YES;
				CLANG_WARN_ENUM_CONVERSION = YES;
				CLANG_WARN_INFINITE_RECURSION = YES;
				CLANG_WARN_INT_CONVERSION = YES;
				CLANG_WARN_OBJC_ROOT_CLASS = YES_ERROR;
				CLANG_WARN_SUSPICIOUS_MOVES = YES;
				CLANG_WARN_UNREACHABLE_CODE = YES;
				CLANG_WARN__DUPLICATE_METHOD_MATCH = YES;
				"CODE_SIGN_IDENTITY[sdk=iphoneos*]" = "iPhone Developer";
				COPY_PHASE_STRIP = NO;
				DEBUG_INFORMATION_FORMAT = "dwarf-with-dsym";
				ENABLE_NS_ASSERTIONS = NO;
				ENABLE_STRICT_OBJC_MSGSEND = YES;
				GCC_C_LANGUAGE_STANDARD = gnu99;
				GCC_NO_COMMON_BLOCKS = YES;
				GCC_WARN_64_TO_32_BIT_CONVERSION = YES;
				GCC_WARN_ABOUT_RETURN_TYPE = YES_ERROR;
				GCC_WARN_UNDECLARED_SELECTOR = YES;
				GCC_WARN_UNINITIALIZED_AUTOS = YES_AGGRESSIVE;
				GCC_WARN_UNUSED_FUNCTION = YES;
				GCC_WARN_UNUSED_VARIABLE = YES;
				IPHONEOS_DEPLOYMENT_TARGET = 10.1;
				MTL_ENABLE_DEBUG_INFO = NO;
				SDKROOT = iphoneos;
				SWIFT_OPTIMIZATION_LEVEL = "-Owholemodule";
				VALIDATE_PRODUCT = YES;
			};
			name = Release;
		};
		30AF26D51DDFDEB700331200 /* Debug */ = {
			isa = XCBuildConfiguration;
			buildSettings = {
				ASSETCATALOG_COMPILER_APPICON_NAME = AppIcon;
				DEVELOPMENT_TEAM = G5GFY7GBWB;
				INFOPLIST_FILE = "Enter the Dojo/Info.plist";
				LD_RUNPATH_SEARCH_PATHS = "$(inherited) @executable_path/Frameworks";
				PRODUCT_BUNDLE_IDENTIFIER = "tech.rlabs.Enter-the-Dojo";
				PRODUCT_NAME = "$(TARGET_NAME)";
				SWIFT_VERSION = 3.0;
			};
			name = Debug;
		};
		30AF26D61DDFDEB700331200 /* Release */ = {
			isa = XCBuildConfiguration;
			buildSettings = {
				ASSETCATALOG_COMPILER_APPICON_NAME = AppIcon;
				DEVELOPMENT_TEAM = G5GFY7GBWB;
				INFOPLIST_FILE = "Enter the Dojo/Info.plist";
				LD_RUNPATH_SEARCH_PATHS = "$(inherited) @executable_path/Frameworks";
				PRODUCT_BUNDLE_IDENTIFIER = "tech.rlabs.Enter-the-Dojo";
				PRODUCT_NAME = "$(TARGET_NAME)";
				SWIFT_VERSION = 3.0;
			};
			name = Release;
		};
/* End XCBuildConfiguration section */

/* Begin XCConfigurationList section */
		30AF26B71DDFDEB700331200 /* Build configuration list for PBXProject "Enter the Dojo" */ = {
			isa = XCConfigurationList;
			buildConfigurations = (
				30AF26D21DDFDEB700331200 /* Debug */,
				30AF26D31DDFDEB700331200 /* Release */,
			);
			defaultConfigurationIsVisible = 0;
			defaultConfigurationName = Release;
		};
		30AF26D41DDFDEB700331200 /* Build configuration list for PBXNativeTarget "Enter the Dojo" */ = {
			isa = XCConfigurationList;
			buildConfigurations = (
				30AF26D51DDFDEB700331200 /* Debug */,
				30AF26D61DDFDEB700331200 /* Release */,
			);
			defaultConfigurationIsVisible = 0;
		};
/* End XCConfigurationList section */
	};
	rootObject = 30AF26B41DDFDEB700331200 /* Project object */;
}
